{
  "name": "@craftkit/craft-uikit-demoapp",
  "version": "2.0.0",
  "lockfileVersion": 1,
  "requires": true,
  "dependencies": {
    "@craftkit/craft-uikit": {
      "version": "2.0.0",
      "resolved": "https://registry.npmjs.org/@craftkit/craft-uikit/-/craft-uikit-2.0.0.tgz",
      "integrity": "sha512-AJhj5+gfIG3fweZkZUKQ9cN57N2coYOCR1YTloGS+O3IjniDa+ExpkEV6NBGjbFptFeFqytXMh+DRP0K6YLs6A=="
    },
    "@craftkit/craft-widget-navigationgroup": {
      "version": "2.0.0",
      "resolved": "https://registry.npmjs.org/@craftkit/craft-widget-navigationgroup/-/craft-widget-navigationgroup-2.0.0.tgz",
      "integrity": "sha512-HYkdsjXuqxXCYcllwjHVABTN7anIUJ0GgPmSHqBxo11h1ZAur10RBk8ft1QCIe5lP5vakLtjmq1LC3Wx/JBo6A==",
      "requires": {
        "@craftkit/craft-uikit": "^2.x"
      }
    },
    "@craftkit/craft-widget-quicktools": {
      "version": "2.0.1",
      "resolved": "https://registry.npmjs.org/@craftkit/craft-widget-quicktools/-/craft-widget-quicktools-2.0.1.tgz",
      "integrity": "sha512-BS5PXR3uHJ8gGb246QqDWzd/1Pxg8yBkFmXpopoJGB6fq7iWGvOOosY0b0Pur3HjcKN81wwmBCvSCXlZ5YSqGQ==",
      "requires": {
        "@craftkit/craft-uikit": "^2.x"
      }
    }
  }
}
