{
  "name": "@craftkit/craft-uikit-demoapp",
  "version": "2.0.2",
  "lockfileVersion": 1,
  "requires": true,
  "dependencies": {
    "@craftkit/craft-uikit": {
      "version": "2.1.4",
      "resolved": "https://registry.npmjs.org/@craftkit/craft-uikit/-/craft-uikit-2.1.4.tgz",
      "integrity": "sha512-76wd3LLaRe7+0JYj20pf7/XFHsVg/3V08UjZoDb+fVWqv6ewaMLBmt4py+51II9u7X3lCQPEFwnNCgomtnJybA=="
    },
    "@craftkit/craft-widget-navigationgroup": {
      "version": "2.1.1",
      "resolved": "https://registry.npmjs.org/@craftkit/craft-widget-navigationgroup/-/craft-widget-navigationgroup-2.1.1.tgz",
      "integrity": "sha512-0OmnIL6G8Iq8xqFM8IM5zBSLZks32F0V8UTBxlMpUmOsyh85STpO4Zz+g3FwSgSvLmsPoa8UwMhCzC1dgr9s/w==",
      "requires": {
        "@craftkit/craft-uikit": "*"
      }
    },
    "@craftkit/craft-widget-quicktools": {
      "version": "2.0.3",
      "resolved": "https://registry.npmjs.org/@craftkit/craft-widget-quicktools/-/craft-widget-quicktools-2.0.3.tgz",
      "integrity": "sha512-t9AIHNAo49mIPw5rmj+UKeadUECp0hsd+pwNT24g/8dpzuwcXj5hE+UUIHFUQBbcfAWO0J4y8KpW/nrBbWZwXw==",
      "requires": {
        "@craftkit/craft-uikit": "^2.x"
      }
    }
  }
}
